
Microsoft Visual Studio Solution File, Format Version 12.00
# Visual Studio Version 16
VisualStudioVersion = 16.0.33214.272
MinimumVisualStudioVersion = 10.0.40219.1
Project("{9A19103F-16F7-4668-BE54-9A1E7A4F7556}") = "zd2-3_karamov", "zd2-3_karamov.csproj", "{2B08A436-9C2D-445B-A206-36423135C3AD}"
EndProject
Global
	GlobalSection(SolutionConfigurationPlatforms) = preSolution
		Debug|Any CPU = Debug|Any CPU
		Release|Any CPU = Release|Any CPU
	EndGlobalSection
	GlobalSection(ProjectConfigurationPlatforms) = postSolution
		{2B08A436-9C2D-445B-A206-36423135C3AD}.Debug|Any CPU.ActiveCfg = Debug|Any CPU
		{2B08A436-9C2D-445B-A206-36423135C3AD}.Debug|Any CPU.Build.0 = Debug|Any CPU
		{2B08A436-9C2D-445B-A206-36423135C3AD}.Release|Any CPU.ActiveCfg = Release|Any CPU
		{2B08A436-9C2D-445B-A206-36423135C3AD}.Release|Any CPU.Build.0 = Release|Any CPU
	EndGlobalSection
	GlobalSection(SolutionProperties) = preSolution
		HideSolutionNode = FALSE
	EndGlobalSection
	GlobalSection(ExtensibilityGlobals) = postSolution
		SolutionGuid = {E48DE65E-4B45-4545-8D61-7C7FDEDDE62F}
	EndGlobalSection
EndGlobal
